
Microsoft Visual Studio Solution File, Format Version 12.00
# Visual Studio Express 2012 for Windows Desktop
Project("{8BC9CEB8-8B4A-11D0-8D11-00A0C91BC942}") = "Proxydomo", "Proxydomo\Proxydomo.vcxproj", "{DDADC3EE-73B1-4DED-9073-F4AF4755B6D4}"
EndProject
Project("{8BC9CEB8-8B4A-11D0-8D11-00A0C91BC942}") = "UnitTest1", "UnitTest1\UnitTest1.vcxproj", "{EFE6CD92-3F8A-4833-81AE-21B754386B8C}"
EndProject
Global
	GlobalSection(SolutionConfigurationPlatforms) = preSolution
		Debug|Win32 = Debug|Win32
		Release|Win32 = Release|Win32
	EndGlobalSection
	GlobalSection(ProjectConfigurationPlatforms) = postSolution
		{DDADC3EE-73B1-4DED-9073-F4AF4755B6D4}.Debug|Win32.ActiveCfg = Debug|Win32
		{DDADC3EE-73B1-4DED-9073-F4AF4755B6D4}.Debug|Win32.Build.0 = Debug|Win32
		{DDADC3EE-73B1-4DED-9073-F4AF4755B6D4}.Release|Win32.ActiveCfg = Release|Win32
		{DDADC3EE-73B1-4DED-9073-F4AF4755B6D4}.Release|Win32.Build.0 = Release|Win32
		{EFE6CD92-3F8A-4833-81AE-21B754386B8C}.Debug|Win32.ActiveCfg = Debug|Win32
		{EFE6CD92-3F8A-4833-81AE-21B754386B8C}.Debug|Win32.Build.0 = Debug|Win32
		{EFE6CD92-3F8A-4833-81AE-21B754386B8C}.Release|Win32.ActiveCfg = Release|Win32
		{EFE6CD92-3F8A-4833-81AE-21B754386B8C}.Release|Win32.Build.0 = Release|Win32
	EndGlobalSection
	GlobalSection(SolutionProperties) = preSolution
		HideSolutionNode = FALSE
	EndGlobalSection
EndGlobal
